<?xml version="1.0" encoding="UTF-8" standalone="yes" ?>
<CodeBlocks_project_file>
	<FileVersion major="1" minor="6" />
	<Project>
		<Option title="Pacman" />
		<Option pch_mode="2" />
		<Option compiler="gcc" />
		<Build>
			<Target title="Debug">
				<Option output="bin/Debug/Pacman" prefix_auto="1" extension_auto="1" />
				<Option object_output="obj/Debug/" />
				<Option type="1" />
				<Option compiler="gcc" />
				<Compiler>
					<Add option="-m32" />
					<Add option="-g" />
					<Add directory="SDL/SDL2-2.0.14/i686-w64-mingw32/include/SDL2" />
					<Add directory="SDL/SDL2_image-2.0.5/include" />
					<Add directory="SDL/SDL2_ttf-2.0.15/i686-w64-mingw32/include/SDL2" />
				</Compiler>
				<Linker>
					<Add option="-m32" />
					<Add option="-lmingw32 -lSDL2main -lSDL2" />
					<Add option="-lmingw32 -lSDL2main -lSDL2 -lSDL2_image" />
					<Add option="-lmingw32 -lSDL2main -lSDL2 -lSDL2_ttf" />
					<Add directory="SDL/SDL2-2.0.14/i686-w64-mingw32/lib" />
					<Add directory="SDL/SDL2_image-2.0.5/lib/x86" />
					<Add directory="SDL/SDL2_ttf-2.0.15/i686-w64-mingw32/lib" />
				</Linker>
			</Target>
			<Target title="Release">
				<Option output="bin/Release/Pacman" prefix_auto="1" extension_auto="1" />
				<Option object_output="obj/Release/" />
				<Option type="1" />
				<Option compiler="gcc" />
				<Compiler>
					<Add option="-O2" />
					<Add option="-m32" />
					<Add directory="SDL/SDL2-2.0.14/i686-w64-mingw32/include/SDL2" />
					<Add directory="SDL/SDL2_image-2.0.5/include" />
					<Add directory="SDL/SDL2_ttf-2.0.15/i686-w64-mingw32/include/SDL2" />
				</Compiler>
				<Linker>
					<Add option="-s" />
					<Add option="-m32" />
					<Add option="-lmingw32 -lSDL2main -lSDL2" />
					<Add option="-lmingw32 -lSDL2main -lSDL2 -lSDL2_image" />
					<Add option="-lmingw32 -lSDL2main -lSDL2 -lSDL2_ttf" />
					<Add directory="SDL/SDL2-2.0.14/i686-w64-mingw32/lib" />
					<Add directory="SDL/SDL2_image-2.0.5/lib/x86" />
					<Add directory="SDL/SDL2_ttf-2.0.15/i686-w64-mingw32/lib" />
				</Linker>
			</Target>
		</Build>
		<Compiler>
			<Add option="-Wall" />
			<Add option="-m32" />
			<Add option="-fexceptions" />
			<Add directory="SDL/SDL2-2.0.14/i686-w64-mingw32/include/SDL2" />
			<Add directory="SDL/SDL2_image-2.0.5/include" />
			<Add directory="SDL/SDL2_ttf-2.0.15/i686-w64-mingw32/include/SDL2" />
		</Compiler>
		<Linker>
			<Add option="-m32" />
			<Add option="-lmingw32 -lSDL2main -lSDL2" />
			<Add option="-lmingw32 -lSDL2main -lSDL2 -lSDL2_image" />
			<Add option="-lmingw32 -lSDL2main -lSDL2 -lSDL2_ttf" />
			<Add directory="SDL/SDL2_image-2.0.5/lib/x86" />
			<Add directory="SDL/SDL2_ttf-2.0.15/i686-w64-mingw32/lib" />
			<Add directory="SDL/SDL2-2.0.14/i686-w64-mingw32/lib" />
		</Linker>
		<Unit filename="BaseObject.cpp" />
		<Unit filename="BaseObject.h" />
		<Unit filename="CommonFunction.cpp" />
		<Unit filename="CommonFunction.h" />
		<Unit filename="Pacman.cpp" />
		<Unit filename="Pacman.h" />
		<Unit filename="ghost.cpp" />
		<Unit filename="ghost.h" />
		<Unit filename="main.cpp" />
		<Unit filename="map.cpp" />
		<Unit filename="map.h" />
		<Unit filename="menu_game.cpp" />
		<Unit filename="menu_game.h" />
		<Unit filename="point.cpp" />
		<Unit filename="point.h" />
		<Extensions />
	</Project>
</CodeBlocks_project_file>
